// !$*UTF8*$!
{
	archiveVersion = 1;
	classes = {
	};
	objectVersion = 48;
	objects = {

/* Begin PBXBuildFile section */
		794B66481FF5680B00F4F390 /* CreatePartyViewController.swift in Sources */ = {isa = PBXBuildFile; fileRef = 794B66471FF5680B00F4F390 /* CreatePartyViewController.swift */; };
		79E59ED01FE648DE004AB8FA /* AppDelegate.swift in Sources */ = {isa = PBXBuildFile; fileRef = 79E59ECF1FE648DE004AB8FA /* AppDelegate.swift */; };
		79E59ED21FE648DE004AB8FA /* ViewController.swift in Sources */ = {isa = PBXBuildFile; fileRef = 79E59ED11FE648DE004AB8FA /* ViewController.swift */; };
		79E59ED51FE648DE004AB8FA /* Main.storyboard in Resources */ = {isa = PBXBuildFile; fileRef = 79E59ED31FE648DE004AB8FA /* Main.storyboard */; };
		79E59ED71FE648DE004AB8FA /* Assets.xcassets in Resources */ = {isa = PBXBuildFile; fileRef = 79E59ED61FE648DE004AB8FA /* Assets.xcassets */; };
		79E59EDA1FE648DE004AB8FA /* LaunchScreen.storyboard in Resources */ = {isa = PBXBuildFile; fileRef = 79E59ED81FE648DE004AB8FA /* LaunchScreen.storyboard */; };
		79E59EE51FE648DE004AB8FA /* KlaetchTests.swift in Sources */ = {isa = PBXBuildFile; fileRef = 79E59EE41FE648DE004AB8FA /* KlaetchTests.swift */; };
		79E59EF01FE648DE004AB8FA /* KlaetchUITests.swift in Sources */ = {isa = PBXBuildFile; fileRef = 79E59EEF1FE648DE004AB8FA /* KlaetchUITests.swift */; };
		79E59EFF1FE648F2004AB8FA /* CoreLocation.framework in Frameworks */ = {isa = PBXBuildFile; fileRef = 79E59EFE1FE648F2004AB8FA /* CoreLocation.framework */; };
/* End PBXBuildFile section */

/* Begin PBXContainerItemProxy section */
		79E59EE11FE648DE004AB8FA /* PBXContainerItemProxy */ = {
			isa = PBXContainerItemProxy;
			containerPortal = 79E59EC41FE648DE004AB8FA /* Project object */;
			proxyType = 1;
			remoteGlobalIDString = 79E59ECB1FE648DE004AB8FA;
			remoteInfo = Klaetch;
		};
		79E59EEC1FE648DE004AB8FA /* PBXContainerItemProxy */ = {
			isa = PBXContainerItemProxy;
			containerPortal = 79E59EC41FE648DE004AB8FA /* Project object */;
			proxyType = 1;
			remoteGlobalIDString = 79E59ECB1FE648DE004AB8FA;
			remoteInfo = Klaetch;
		};
/* End PBXContainerItemProxy section */

/* Begin PBXFileReference section */
		794B66471FF5680B00F4F390 /* CreatePartyViewController.swift */ = {isa = PBXFileReference; lastKnownFileType = sourcecode.swift; path = CreatePartyViewController.swift; sourceTree = "<group>"; };
		79E59ECC1FE648DE004AB8FA /* Klaetch.app */ = {isa = PBXFileReference; explicitFileType = wrapper.application; includeInIndex = 0; path = Klaetch.app; sourceTree = BUILT_PRODUCTS_DIR; };
		79E59ECF1FE648DE004AB8FA /* AppDelegate.swift */ = {isa = PBXFileReference; lastKnownFileType = sourcecode.swift; path = AppDelegate.swift; sourceTree = "<group>"; };
		79E59ED11FE648DE004AB8FA /* ViewController.swift */ = {isa = PBXFileReference; lastKnownFileType = sourcecode.swift; path = ViewController.swift; sourceTree = "<group>"; };
		79E59ED41FE648DE004AB8FA /* Base */ = {isa = PBXFileReference; lastKnownFileType = file.storyboard; name = Base; path = Base.lproj/Main.storyboard; sourceTree = "<group>"; };
		79E59ED61FE648DE004AB8FA /* Assets.xcassets */ = {isa = PBXFileReference; lastKnownFileType = folder.assetcatalog; path = Assets.xcassets; sourceTree = "<group>"; };
		79E59ED91FE648DE004AB8FA /* Base */ = {isa = PBXFileReference; lastKnownFileType = file.storyboard; name = Base; path = Base.lproj/LaunchScreen.storyboard; sourceTree = "<group>"; };
		79E59EDB1FE648DE004AB8FA /* Info.plist */ = {isa = PBXFileReference; lastKnownFileType = text.plist.xml; path = Info.plist; sourceTree = "<group>"; };
		79E59EE01FE648DE004AB8FA /* KlaetchTests.xctest */ = {isa = PBXFileReference; explicitFileType = wrapper.cfbundle; includeInIndex = 0; path = KlaetchTests.xctest; sourceTree = BUILT_PRODUCTS_DIR; };
		79E59EE41FE648DE004AB8FA /* KlaetchTests.swift */ = {isa = PBXFileReference; lastKnownFileType = sourcecode.swift; path = KlaetchTests.swift; sourceTree = "<group>"; };
		79E59EE61FE648DE004AB8FA /* Info.plist */ = {isa = PBXFileReference; lastKnownFileType = text.plist.xml; path = Info.plist; sourceTree = "<group>"; };
		79E59EEB1FE648DE004AB8FA /* KlaetchUITests.xctest */ = {isa = PBXFileReference; explicitFileType = wrapper.cfbundle; includeInIndex = 0; path = KlaetchUITests.xctest; sourceTree = BUILT_PRODUCTS_DIR; };
		79E59EEF1FE648DE004AB8FA /* KlaetchUITests.swift */ = {isa = PBXFileReference; lastKnownFileType = sourcecode.swift; path = KlaetchUITests.swift; sourceTree = "<group>"; };
		79E59EF11FE648DE004AB8FA /* Info.plist */ = {isa = PBXFileReference; lastKnownFileType = text.plist.xml; path = Info.plist; sourceTree = "<group>"; };
		79E59EFE1FE648F2004AB8FA /* CoreLocation.framework */ = {isa = PBXFileReference; lastKnownFileType = wrapper.framework; name = CoreLocation.framework; path = System/Library/Frameworks/CoreLocation.framework; sourceTree = SDKROOT; };
/* End PBXFileReference section */

/* Begin PBXFrameworksBuildPhase section */
		79E59EC91FE648DE004AB8FA /* Frameworks */ = {
			isa = PBXFrameworksBuildPhase;
			buildActionMask = 2147483647;
			files = (
				79E59EFF1FE648F2004AB8FA /* CoreLocation.framework in Frameworks */,
			);
			runOnlyForDeploymentPostprocessing = 0;
		};
		79E59EDD1FE648DE004AB8FA /* Frameworks */ = {
			isa = PBXFrameworksBuildPhase;
			buildActionMask = 2147483647;
			files = (
			);
			runOnlyForDeploymentPostprocessing = 0;
		};
		79E59EE81FE648DE004AB8FA /* Frameworks */ = {
			isa = PBXFrameworksBuildPhase;
			buildActionMask = 2147483647;
			files = (
			);
			runOnlyForDeploymentPostprocessing = 0;
		};
/* End PBXFrameworksBuildPhase section */

/* Begin PBXGroup section */
		79E59EC31FE648DE004AB8FA = {
			isa = PBXGroup;
			children = (
				79E59ECE1FE648DE004AB8FA /* Klaetch */,
				79E59EE31FE648DE004AB8FA /* KlaetchTests */,
				79E59EEE1FE648DE004AB8FA /* KlaetchUITests */,
				79E59ECD1FE648DE004AB8FA /* Products */,
				79E59EFD1FE648F1004AB8FA /* Frameworks */,
			);
			sourceTree = "<group>";
		};
		79E59ECD1FE648DE004AB8FA /* Products */ = {
			isa = PBXGroup;
			children = (
				79E59ECC1FE648DE004AB8FA /* Klaetch.app */,
				79E59EE01FE648DE004AB8FA /* KlaetchTests.xctest */,
				79E59EEB1FE648DE004AB8FA /* KlaetchUITests.xctest */,
			);
			name = Products;
			sourceTree = "<group>";
		};
		79E59ECE1FE648DE004AB8FA /* Klaetch */ = {
			isa = PBXGroup;
			children = (
				79E59ECF1FE648DE004AB8FA /* AppDelegate.swift */,
				79E59ED11FE648DE004AB8FA /* ViewController.swift */,
				794B66471FF5680B00F4F390 /* CreatePartyViewController.swift */,
				79E59ED31FE648DE004AB8FA /* Main.storyboard */,
				79E59ED61FE648DE004AB8FA /* Assets.xcassets */,
				79E59ED81FE648DE004AB8FA /* LaunchScreen.storyboard */,
				79E59EDB1FE648DE004AB8FA /* Info.plist */,
			);
			path = Klaetch;
			sourceTree = "<group>";
		};
		79E59EE31FE648DE004AB8FA /* KlaetchTests */ = {
			isa = PBXGroup;
			children = (
				79E59EE41FE648DE004AB8FA /* KlaetchTests.swift */,
				79E59EE61FE648DE004AB8FA /* Info.plist */,
			);
			path = KlaetchTests;
			sourceTree = "<group>";
		};
		79E59EEE1FE648DE004AB8FA /* KlaetchUITests */ = {
			isa = PBXGroup;
			children = (
				79E59EEF1FE648DE004AB8FA /* KlaetchUITests.swift */,
				79E59EF11FE648DE004AB8FA /* Info.plist */,
			);
			path = KlaetchUITests;
			sourceTree = "<group>";
		};
		79E59EFD1FE648F1004AB8FA /* Frameworks */ = {
			isa = PBXGroup;
			children = (
				79E59EFE1FE648F2004AB8FA /* CoreLocation.framework */,
			);
			name = Frameworks;
			sourceTree = "<group>";
		};
/* End PBXGroup section */

/* Begin PBXNativeTarget section */
		79E59ECB1FE648DE004AB8FA /* Klaetch */ = {
			isa = PBXNativeTarget;
			buildConfigurationList = 79E59EF41FE648DE004AB8FA /* Build configuration list for PBXNativeTarget "Klaetch" */;
			buildPhases = (
				79E59EC81FE648DE004AB8FA /* Sources */,
				79E59EC91FE648DE004AB8FA /* Frameworks */,
				79E59ECA1FE648DE004AB8FA /* Resources */,
			);
			buildRules = (
			);
			dependencies = (
			);
			name = Klaetch;
			productName = Klaetch;
			productReference = 79E59ECC1FE648DE004AB8FA /* Klaetch.app */;
			productType = "com.apple.product-type.application";
		};
		79E59EDF1FE648DE004AB8FA /* KlaetchTests */ = {
			isa = PBXNativeTarget;
			buildConfigurationList = 79E59EF71FE648DE004AB8FA /* Build configuration list for PBXNativeTarget "KlaetchTests" */;
			buildPhases = (
				79E59EDC1FE648DE004AB8FA /* Sources */,
				79E59EDD1FE648DE004AB8FA /* Frameworks */,
				79E59EDE1FE648DE004AB8FA /* Resources */,
			);
			buildRules = (
			);
			dependencies = (
				79E59EE21FE648DE004AB8FA /* PBXTargetDependency */,
			);
			name = KlaetchTests;
			productName = KlaetchTests;
			productReference = 79E59EE01FE648DE004AB8FA /* KlaetchTests.xctest */;
			productType = "com.apple.product-type.bundle.unit-test";
		};
		79E59EEA1FE648DE004AB8FA /* KlaetchUITests */ = {
			isa = PBXNativeTarget;
			buildConfigurationList = 79E59EFA1FE648DE004AB8FA /* Build configuration list for PBXNativeTarget "KlaetchUITests" */;
			buildPhases = (
				79E59EE71FE648DE004AB8FA /* Sources */,
				79E59EE81FE648DE004AB8FA /* Frameworks */,
				79E59EE91FE648DE004AB8FA /* Resources */,
			);
			buildRules = (
			);
			dependencies = (
				79E59EED1FE648DE004AB8FA /* PBXTargetDependency */,
			);
			name = KlaetchUITests;
			productName = KlaetchUITests;
			productReference = 79E59EEB1FE648DE004AB8FA /* KlaetchUITests.xctest */;
			productType = "com.apple.product-type.bundle.ui-testing";
		};
/* End PBXNativeTarget section */

/* Begin PBXProject section */
		79E59EC41FE648DE004AB8FA /* Project object */ = {
			isa = PBXProject;
			attributes = {
				LastSwiftUpdateCheck = 0920;
				LastUpgradeCheck = 0920;
				ORGANIZATIONNAME = "ZetaPhase Tech";
				TargetAttributes = {
					79E59ECB1FE648DE004AB8FA = {
						CreatedOnToolsVersion = 9.2;
						ProvisioningStyle = Automatic;
					};
					79E59EDF1FE648DE004AB8FA = {
						CreatedOnToolsVersion = 9.2;
						ProvisioningStyle = Automatic;
						TestTargetID = 79E59ECB1FE648DE004AB8FA;
					};
					79E59EEA1FE648DE004AB8FA = {
						CreatedOnToolsVersion = 9.2;
						ProvisioningStyle = Automatic;
						TestTargetID = 79E59ECB1FE648DE004AB8FA;
					};
				};
			};
			buildConfigurationList = 79E59EC71FE648DE004AB8FA /* Build configuration list for PBXProject "Klaetch" */;
			compatibilityVersion = "Xcode 8.0";
			developmentRegion = en;
			hasScannedForEncodings = 0;
			knownRegions = (
				en,
				Base,
			);
			mainGroup = 79E59EC31FE648DE004AB8FA;
			productRefGroup = 79E59ECD1FE648DE004AB8FA /* Products */;
			projectDirPath = "";
			projectRoot = "";
			targets = (
				79E59ECB1FE648DE004AB8FA /* Klaetch */,
				79E59EDF1FE648DE004AB8FA /* KlaetchTests */,
				79E59EEA1FE648DE004AB8FA /* KlaetchUITests */,
			);
		};
/* End PBXProject section */

/* Begin PBXResourcesBuildPhase section */
		79E59ECA1FE648DE004AB8FA /* Resources */ = {
			isa = PBXResourcesBuildPhase;
			buildActionMask = 2147483647;
			files = (
				79E59EDA1FE648DE004AB8FA /* LaunchScreen.storyboard in Resources */,
				79E59ED71FE648DE004AB8FA /* Assets.xcassets in Resources */,
				79E59ED51FE648DE004AB8FA /* Main.storyboard in Resources */,
			);
			runOnlyForDeploymentPostprocessing = 0;
		};
		79E59EDE1FE648DE004AB8FA /* Resources */ = {
			isa = PBXResourcesBuildPhase;
			buildActionMask = 2147483647;
			files = (
			);
			runOnlyForDeploymentPostprocessing = 0;
		};
		79E59EE91FE648DE004AB8FA /* Resources */ = {
			isa = PBXResourcesBuildPhase;
			buildActionMask = 2147483647;
			files = (
			);
			runOnlyForDeploymentPostprocessing = 0;
		};
/* End PBXResourcesBuildPhase section */

/* Begin PBXSourcesBuildPhase section */
		79E59EC81FE648DE004AB8FA /* Sources */ = {
			isa = PBXSourcesBuildPhase;
			buildActionMask = 2147483647;
			files = (
				79E59ED21FE648DE004AB8FA /* ViewController.swift in Sources */,
				79E59ED01FE648DE004AB8FA /* AppDelegate.swift in Sources */,
				794B66481FF5680B00F4F390 /* CreatePartyViewController.swift in Sources */,
			);
			runOnlyForDeploymentPostprocessing = 0;
		};
		79E59EDC1FE648DE004AB8FA /* Sources */ = {
			isa = PBXSourcesBuildPhase;
			buildActionMask = 2147483647;
			files = (
				79E59EE51FE648DE004AB8FA /* KlaetchTests.swift in Sources */,
			);
			runOnlyForDeploymentPostprocessing = 0;
		};
		79E59EE71FE648DE004AB8FA /* Sources */ = {
			isa = PBXSourcesBuildPhase;
			buildActionMask = 2147483647;
			files = (
				79E59EF01FE648DE004AB8FA /* KlaetchUITests.swift in Sources */,
			);
			runOnlyForDeploymentPostprocessing = 0;
		};
/* End PBXSourcesBuildPhase section */

/* Begin PBXTargetDependency section */
		79E59EE21FE648DE004AB8FA /* PBXTargetDependency */ = {
			isa = PBXTargetDependency;
			target = 79E59ECB1FE648DE004AB8FA /* Klaetch */;
			targetProxy = 79E59EE11FE648DE004AB8FA /* PBXContainerItemProxy */;
		};
		79E59EED1FE648DE004AB8FA /* PBXTargetDependency */ = {
			isa = PBXTargetDependency;
			target = 79E59ECB1FE648DE004AB8FA /* Klaetch */;
			targetProxy = 79E59EEC1FE648DE004AB8FA /* PBXContainerItemProxy */;
		};
/* End PBXTargetDependency section */

/* Begin PBXVariantGroup section */
		79E59ED31FE648DE004AB8FA /* Main.storyboard */ = {
			isa = PBXVariantGroup;
			children = (
				79E59ED41FE648DE004AB8FA /* Base */,
			);
			name = Main.storyboard;
			sourceTree = "<group>";
		};
		79E59ED81FE648DE004AB8FA /* LaunchScreen.storyboard */ = {
			isa = PBXVariantGroup;
			children = (
				79E59ED91FE648DE004AB8FA /* Base */,
			);
			name = LaunchScreen.storyboard;
			sourceTree = "<group>";
		};
/* End PBXVariantGroup section */

/* Begin XCBuildConfiguration section */
		79E59EF21FE648DE004AB8FA /* Debug */ = {
			isa = XCBuildConfiguration;
			buildSettings = {
				ALWAYS_SEARCH_USER_PATHS = NO;
				CLANG_ANALYZER_NONNULL = YES;
				CLANG_ANALYZER_NUMBER_OBJECT_CONVERSION = YES_AGGRESSIVE;
				CLANG_CXX_LANGUAGE_STANDARD = "gnu++14";
				CLANG_CXX_LIBRARY = "libc++";
				CLANG_ENABLE_MODULES = YES;
				CLANG_ENABLE_OBJC_ARC = YES;
				CLANG_WARN_BLOCK_CAPTURE_AUTORELEASING = YES;
				CLANG_WARN_BOOL_CONVERSION = YES;
				CLANG_WARN_COMMA = YES;
				CLANG_WARN_CONSTANT_CONVERSION = YES;
				CLANG_WARN_DIRECT_OBJC_ISA_USAGE = YES_ERROR;
				CLANG_WARN_DOCUMENTATION_COMMENTS = YES;
				CLANG_WARN_EMPTY_BODY = YES;
				CLANG_WARN_ENUM_CONVERSION = YES;
				CLANG_WARN_INFINITE_RECURSION = YES;
				CLANG_WARN_INT_CONVERSION = YES;
				CLANG_WARN_NON_LITERAL_NULL_CONVERSION = YES;
				CLANG_WARN_OBJC_LITERAL_CONVERSION = YES;
				CLANG_WARN_OBJC_ROOT_CLASS = YES_ERROR;
				CLANG_WARN_RANGE_LOOP_ANALYSIS = YES;
				CLANG_WARN_STRICT_PROTOTYPES = YES;
				CLANG_WARN_SUSPICIOUS_MOVE = YES;
				CLANG_WARN_UNGUARDED_AVAILABILITY = YES_AGGRESSIVE;
				CLANG_WARN_UNREACHABLE_CODE = YES;
				CLANG_WARN__DUPLICATE_METHOD_MATCH = YES;
				CODE_SIGN_IDENTITY = "iPhone Developer";
				COPY_PHASE_STRIP = NO;
				DEBUG_INFORMATION_FORMAT = dwarf;
				ENABLE_STRICT_OBJC_MSGSEND = YES;
				ENABLE_TESTABILITY = YES;
				GCC_C_LANGUAGE_STANDARD = gnu11;
				GCC_DYNAMIC_NO_PIC = NO;
				GCC_NO_COMMON_BLOCKS = YES;
				GCC_OPTIMIZATION_LEVEL = 0;
				GCC_PREPROCESSOR_DEFINITIONS = (
					"DEBUG=1",
					"$(inherited)",
				);
				GCC_WARN_64_TO_32_BIT_CONVERSION = YES;
				GCC_WARN_ABOUT_RETURN_TYPE = YES_ERROR;
				GCC_WARN_UNDECLARED_SELECTOR = YES;
				GCC_WARN_UNINITIALIZED_AUTOS = YES_AGGRESSIVE;
				GCC_WARN_UNUSED_FUNCTION = YES;
				GCC_WARN_UNUSED_VARIABLE = YES;
				IPHONEOS_DEPLOYMENT_TARGET = 11.2;
				MTL_ENABLE_DEBUG_INFO = YES;
				ONLY_ACTIVE_ARCH = YES;
				SDKROOT = iphoneos;
				SWIFT_ACTIVE_COMPILATION_CONDITIONS = DEBUG;
				SWIFT_OPTIMIZATION_LEVEL = "-Onone";
			};
			name = Debug;
		};
		79E59EF31FE648DE004AB8FA /* Release */ = {
			isa = XCBuildConfiguration;
			buildSettings = {
				ALWAYS_SEARCH_USER_PATHS = NO;
				CLANG_ANALYZER_NONNULL = YES;
				CLANG_ANALYZER_NUMBER_OBJECT_CONVERSION = YES_AGGRESSIVE;
				CLANG_CXX_LANGUAGE_STANDARD = "gnu++14";
				CLANG_CXX_LIBRARY = "libc++";
				CLANG_ENABLE_MODULES = YES;
				CLANG_ENABLE_OBJC_ARC = YES;
				CLANG_WARN_BLOCK_CAPTURE_AUTORELEASING = YES;
				CLANG_WARN_BOOL_CONVERSION = YES;
				CLANG_WARN_COMMA = YES;
				CLANG_WARN_CONSTANT_CONVERSION = YES;
				CLANG_WARN_DIRECT_OBJC_ISA_USAGE = YES_ERROR;
				CLANG_WARN_DOCUMENTATION_COMMENTS = YES;
				CLANG_WARN_EMPTY_BODY = YES;
				CLANG_WARN_ENUM_CONVERSION = YES;
				CLANG_WARN_INFINITE_RECURSION = YES;
				CLANG_WARN_INT_CONVERSION = YES;
				CLANG_WARN_NON_LITERAL_NULL_CONVERSION = YES;
				CLANG_WARN_OBJC_LITERAL_CONVERSION = YES;
				CLANG_WARN_OBJC_ROOT_CLASS = YES_ERROR;
				CLANG_WARN_RANGE_LOOP_ANALYSIS = YES;
				CLANG_WARN_STRICT_PROTOTYPES = YES;
				CLANG_WARN_SUSPICIOUS_MOVE = YES;
				CLANG_WARN_UNGUARDED_AVAILABILITY = YES_AGGRESSIVE;
				CLANG_WARN_UNREACHABLE_CODE = YES;
				CLANG_WARN__DUPLICATE_METHOD_MATCH = YES;
				CODE_SIGN_IDENTITY = "iPhone Developer";
				COPY_PHASE_STRIP = NO;
				DEBUG_INFORMATION_FORMAT = "dwarf-with-dsym";
				ENABLE_NS_ASSERTIONS = NO;
				ENABLE_STRICT_OBJC_MSGSEND = YES;
				GCC_C_LANGUAGE_STANDARD = gnu11;
				GCC_NO_COMMON_BLOCKS = YES;
				GCC_WARN_64_TO_32_BIT_CONVERSION = YES;
				GCC_WARN_ABOUT_RETURN_TYPE = YES_ERROR;
				GCC_WARN_UNDECLARED_SELECTOR = YES;
				GCC_WARN_UNINITIALIZED_AUTOS = YES_AGGRESSIVE;
				GCC_WARN_UNUSED_FUNCTION = YES;
				GCC_WARN_UNUSED_VARIABLE = YES;
				IPHONEOS_DEPLOYMENT_TARGET = 11.2;
				MTL_ENABLE_DEBUG_INFO = NO;
				SDKROOT = iphoneos;
				SWIFT_OPTIMIZATION_LEVEL = "-Owholemodule";
				VALIDATE_PRODUCT = YES;
			};
			name = Release;
		};
		79E59EF51FE648DE004AB8FA /* Debug */ = {
			isa = XCBuildConfiguration;
			buildSettings = {
				ASSETCATALOG_COMPILER_APPICON_NAME = AppIcon;
				CODE_SIGN_STYLE = Automatic;
				DEVELOPMENT_TEAM = HY84N4983P;
				INFOPLIST_FILE = Klaetch/Info.plist;
				LD_RUNPATH_SEARCH_PATHS = "$(inherited) @executable_path/Frameworks";
				PRODUCT_BUNDLE_IDENTIFIER = zetaphase.io.Klaetch;
				PRODUCT_NAME = "$(TARGET_NAME)";
				SWIFT_VERSION = 4.0;
				TARGETED_DEVICE_FAMILY = "1,2";
			};
			name = Debug;
		};
		79E59EF61FE648DE004AB8FA /* Release */ = {
			isa = XCBuildConfiguration;
			buildSettings = {
				ASSETCATALOG_COMPILER_APPICON_NAME = AppIcon;
				CODE_SIGN_STYLE = Automatic;
				DEVELOPMENT_TEAM = HY84N4983P;
				INFOPLIST_FILE = Klaetch/Info.plist;
				LD_RUNPATH_SEARCH_PATHS = "$(inherited) @executable_path/Frameworks";
				PRODUCT_BUNDLE_IDENTIFIER = zetaphase.io.Klaetch;
				PRODUCT_NAME = "$(TARGET_NAME)";
				SWIFT_VERSION = 4.0;
				TARGETED_DEVICE_FAMILY = "1,2";
			};
			name = Release;
		};
		79E59EF81FE648DE004AB8FA /* Debug */ = {
			isa = XCBuildConfiguration;
			buildSettings = {
				ALWAYS_EMBED_SWIFT_STANDARD_LIBRARIES = YES;
				BUNDLE_LOADER = "$(TEST_HOST)";
				CODE_SIGN_STYLE = Automatic;
				DEVELOPMENT_TEAM = HY84N4983P;
				INFOPLIST_FILE = KlaetchTests/Info.plist;
				LD_RUNPATH_SEARCH_PATHS = "$(inherited) @executable_path/Frameworks @loader_path/Frameworks";
				PRODUCT_BUNDLE_IDENTIFIER = zetaphase.io.KlaetchTests;
				PRODUCT_NAME = "$(TARGET_NAME)";
				SWIFT_VERSION = 4.0;
				TARGETED_DEVICE_FAMILY = "1,2";
				TEST_HOST = "$(BUILT_PRODUCTS_DIR)/Klaetch.app/Klaetch";
			};
			name = Debug;
		};
		79E59EF91FE648DE004AB8FA /* Release */ = {
			isa = XCBuildConfiguration;
			buildSettings = {
				ALWAYS_EMBED_SWIFT_STANDARD_LIBRARIES = YES;
				BUNDLE_LOADER = "$(TEST_HOST)";
				CODE_SIGN_STYLE = Automatic;
				DEVELOPMENT_TEAM = HY84N4983P;
				INFOPLIST_FILE = KlaetchTests/Info.plist;
				LD_RUNPATH_SEARCH_PATHS = "$(inherited) @executable_path/Frameworks @loader_path/Frameworks";
				PRODUCT_BUNDLE_IDENTIFIER = zetaphase.io.KlaetchTests;
				PRODUCT_NAME = "$(TARGET_NAME)";
				SWIFT_VERSION = 4.0;
				TARGETED_DEVICE_FAMILY = "1,2";
				TEST_HOST = "$(BUILT_PRODUCTS_DIR)/Klaetch.app/Klaetch";
			};
			name = Release;
		};
		79E59EFB1FE648DE004AB8FA /* Debug */ = {
			isa = XCBuildConfiguration;
			buildSettings = {
				ALWAYS_EMBED_SWIFT_STANDARD_LIBRARIES = YES;
				CODE_SIGN_STYLE = Automatic;
				DEVELOPMENT_TEAM = HY84N4983P;
				INFOPLIST_FILE = KlaetchUITests/Info.plist;
				LD_RUNPATH_SEARCH_PATHS = "$(inherited) @executable_path/Frameworks @loader_path/Frameworks";
				PRODUCT_BUNDLE_IDENTIFIER = zetaphase.io.KlaetchUITests;
				PRODUCT_NAME = "$(TARGET_NAME)";
				SWIFT_VERSION = 4.0;
				TARGETED_DEVICE_FAMILY = "1,2";
				TEST_TARGET_NAME = Klaetch;
			};
			name = Debug;
		};
		79E59EFC1FE648DE004AB8FA /* Release */ = {
			isa = XCBuildConfiguration;
			buildSettings = {
				ALWAYS_EMBED_SWIFT_STANDARD_LIBRARIES = YES;
				CODE_SIGN_STYLE = Automatic;
				DEVELOPMENT_TEAM = HY84N4983P;
				INFOPLIST_FILE = KlaetchUITests/Info.plist;
				LD_RUNPATH_SEARCH_PATHS = "$(inherited) @executable_path/Frameworks @loader_path/Frameworks";
				PRODUCT_BUNDLE_IDENTIFIER = zetaphase.io.KlaetchUITests;
				PRODUCT_NAME = "$(TARGET_NAME)";
				SWIFT_VERSION = 4.0;
				TARGETED_DEVICE_FAMILY = "1,2";
				TEST_TARGET_NAME = Klaetch;
			};
			name = Release;
		};
/* End XCBuildConfiguration section */

/* Begin XCConfigurationList section */
		79E59EC71FE648DE004AB8FA /* Build configuration list for PBXProject "Klaetch" */ = {
			isa = XCConfigurationList;
			buildConfigurations = (
				79E59EF21FE648DE004AB8FA /* Debug */,
				79E59EF31FE648DE004AB8FA /* Release */,
			);
			defaultConfigurationIsVisible = 0;
			defaultConfigurationName = Release;
		};
		79E59EF41FE648DE004AB8FA /* Build configuration list for PBXNativeTarget "Klaetch" */ = {
			isa = XCConfigurationList;
			buildConfigurations = (
				79E59EF51FE648DE004AB8FA /* Debug */,
				79E59EF61FE648DE004AB8FA /* Release */,
			);
			defaultConfigurationIsVisible = 0;
			defaultConfigurationName = Release;
		};
		79E59EF71FE648DE004AB8FA /* Build configuration list for PBXNativeTarget "KlaetchTests" */ = {
			isa = XCConfigurationList;
			buildConfigurations = (
				79E59EF81FE648DE004AB8FA /* Debug */,
				79E59EF91FE648DE004AB8FA /* Release */,
			);
			defaultConfigurationIsVisible = 0;
			defaultConfigurationName = Release;
		};
		79E59EFA1FE648DE004AB8FA /* Build configuration list for PBXNativeTarget "KlaetchUITests" */ = {
			isa = XCConfigurationList;
			buildConfigurations = (
				79E59EFB1FE648DE004AB8FA /* Debug */,
				79E59EFC1FE648DE004AB8FA /* Release */,
			);
			defaultConfigurationIsVisible = 0;
			defaultConfigurationName = Release;
		};
/* End XCConfigurationList section */
	};
	rootObject = 79E59EC41FE648DE004AB8FA /* Project object */;
}
